[[package]]
name = "segno"
version = "1.5.3"
description = "QR Code and Micro QR Code generator for Python 2 and Python 3"
category = "main"
optional = false
python-versions = "!=3.0.*,!=3.1.*,!=3.2.*,!=3.3.*,!=3.4.*,>=2.7"

[metadata]
lock-version = "1.1"
python-versions = "^3.10"
content-hash = "6e7516dd016431fd7bb919a3e8813f7887dcd279589fc7ef699bd452f12c001b"

[metadata.files]
segno = [
    {file = "segno-1.5.3-py2.py3-none-any.whl", hash = "sha256:9bf88c8be5ca99657881889399f73ad595231230236d89a16b4eb4933513fe07"},
    {file = "segno-1.5.3.tar.gz", hash = "sha256:08f678ee3d0c96854f916879d2b953829332c6efcaa387d4b41b7b7a78d75e49"},
]
